
Microsoft Visual Studio Solution File, Format Version 12.00
# Visual Studio Version 16
VisualStudioVersion = 16.0.29306.81
MinimumVisualStudioVersion = 10.0.40219.1
Project("{FAE04EC0-301F-11D3-BF4B-00C04F79EFBC}") = "WalmartSurvey", "WalmartSurvey\WalmartSurvey.csproj", "{ACF19136-9F6F-4FAD-A389-72EFF19BCC77}"
EndProject
Global
	GlobalSection(SolutionConfigurationPlatforms) = preSolution
		Debug|Any CPU = Debug|Any CPU
		Release|Any CPU = Release|Any CPU
	EndGlobalSection
	GlobalSection(ProjectConfigurationPlatforms) = postSolution
		{ACF19136-9F6F-4FAD-A389-72EFF19BCC77}.Debug|Any CPU.ActiveCfg = Debug|Any CPU
		{ACF19136-9F6F-4FAD-A389-72EFF19BCC77}.Debug|Any CPU.Build.0 = Debug|Any CPU
		{ACF19136-9F6F-4FAD-A389-72EFF19BCC77}.Release|Any CPU.ActiveCfg = Release|Any CPU
		{ACF19136-9F6F-4FAD-A389-72EFF19BCC77}.Release|Any CPU.Build.0 = Release|Any CPU
	EndGlobalSection
	GlobalSection(SolutionProperties) = preSolution
		HideSolutionNode = FALSE
	EndGlobalSection
	GlobalSection(ExtensibilityGlobals) = postSolution
		SolutionGuid = {38AFA58D-25C2-4570-BC56-97102B2FE125}
	EndGlobalSection
EndGlobal
